
Microsoft Visual Studio Solution File, Format Version 12.00
# Visual Studio Version 16
VisualStudioVersion = 16.0.30320.27
MinimumVisualStudioVersion = 10.0.40219.1
Project("{FAE04EC0-301F-11D3-BF4B-00C04F79EFBC}") = "Primeiro", "Primeiro\Primeiro.csproj", "{351ED60C-E168-4488-B59B-5AFCE746250C}"
EndProject
Global
	GlobalSection(SolutionConfigurationPlatforms) = preSolution
		Debug|Any CPU = Debug|Any CPU
		Release|Any CPU = Release|Any CPU
	EndGlobalSection
	GlobalSection(ProjectConfigurationPlatforms) = postSolution
		{351ED60C-E168-4488-B59B-5AFCE746250C}.Debug|Any CPU.ActiveCfg = Debug|Any CPU
		{351ED60C-E168-4488-B59B-5AFCE746250C}.Debug|Any CPU.Build.0 = Debug|Any CPU
		{351ED60C-E168-4488-B59B-5AFCE746250C}.Release|Any CPU.ActiveCfg = Release|Any CPU
		{351ED60C-E168-4488-B59B-5AFCE746250C}.Release|Any CPU.Build.0 = Release|Any CPU
	EndGlobalSection
	GlobalSection(SolutionProperties) = preSolution
		HideSolutionNode = FALSE
	EndGlobalSection
	GlobalSection(ExtensibilityGlobals) = postSolution
		SolutionGuid = {5406888D-D9DD-4880-845E-D944D4EFE767}
	EndGlobalSection
EndGlobal
